
Microsoft Visual Studio Solution File, Format Version 12.00
# Visual Studio Version 17
VisualStudioVersion = 17.8.34316.72
MinimumVisualStudioVersion = 10.0.40219.1
Project("{FAE04EC0-301F-11D3-BF4B-00C04F79EFBC}") = "TesteWebApiMinimalVS", "TesteWebApiMinimalVS\TesteWebApiMinimalVS.csproj", "{4737B28A-05CC-4453-958C-E2E7218E7A3F}"
EndProject
Global
	GlobalSection(SolutionConfigurationPlatforms) = preSolution
		Debug|Any CPU = Debug|Any CPU
		Release|Any CPU = Release|Any CPU
	EndGlobalSection
	GlobalSection(ProjectConfigurationPlatforms) = postSolution
		{4737B28A-05CC-4453-958C-E2E7218E7A3F}.Debug|Any CPU.ActiveCfg = Debug|Any CPU
		{4737B28A-05CC-4453-958C-E2E7218E7A3F}.Debug|Any CPU.Build.0 = Debug|Any CPU
		{4737B28A-05CC-4453-958C-E2E7218E7A3F}.Release|Any CPU.ActiveCfg = Release|Any CPU
		{4737B28A-05CC-4453-958C-E2E7218E7A3F}.Release|Any CPU.Build.0 = Release|Any CPU
	EndGlobalSection
	GlobalSection(SolutionProperties) = preSolution
		HideSolutionNode = FALSE
	EndGlobalSection
	GlobalSection(ExtensibilityGlobals) = postSolution
		SolutionGuid = {2B0BB2E6-A79F-4969-8E05-1BDA82BD349D}
	EndGlobalSection
EndGlobal
